{
  "name": "automatic-action-switch",
  "version": "1.0.0",
  "lockfileVersion": 1,
  "requires": true,
  "dependencies": {
    "@codewell/get-action-prefix": {
      "version": "1.0.0",
      "resolved": "https://registry.npmjs.org/@codewell/get-action-prefix/-/get-action-prefix-1.0.0.tgz",
      "integrity": "sha512-peXaeOmRMPTbXpncx5a56N/nQXky3/MkDMESP4pa9CUeD9fRkYRsFGLQZR0VeqaPbcMifvKzqQXpus11cMBoJQ=="
    },
    "@codewell/state-actions": {
      "version": "1.0.1",
      "resolved": "https://registry.npmjs.org/@codewell/state-actions/-/state-actions-1.0.1.tgz",
      "integrity": "sha512-TvVoU8ZixLi27zYkr5S4vL5px1bHlgifDZWuHdKymdEAa5QYyy7Wevt1wWtHGh4jCnf8Hn7V03qLURlNZM2vFw=="
    }
  }
}
